// !$*UTF8*$!
{
	archiveVersion = 1;
	classes = {
	};
	objectVersion = 50;
	objects = {

/* Begin PBXBuildFile section */
		9A2F5DC726F4999F002C3546 /* AppDelegate.swift in Sources */ = {isa = PBXBuildFile; fileRef = 9A2F5DC626F4999F002C3546 /* AppDelegate.swift */; };
		9A2F5DC926F4999F002C3546 /* SceneDelegate.swift in Sources */ = {isa = PBXBuildFile; fileRef = 9A2F5DC826F4999F002C3546 /* SceneDelegate.swift */; };
		9A2F5DCB26F4999F002C3546 /* ViewController.swift in Sources */ = {isa = PBXBuildFile; fileRef = 9A2F5DCA26F4999F002C3546 /* ViewController.swift */; };
		9A2F5DCE26F4999F002C3546 /* Main.storyboard in Resources */ = {isa = PBXBuildFile; fileRef = 9A2F5DCC26F4999F002C3546 /* Main.storyboard */; };
		9A2F5DD026F499A0002C3546 /* Assets.xcassets in Resources */ = {isa = PBXBuildFile; fileRef = 9A2F5DCF26F499A0002C3546 /* Assets.xcassets */; };
		9A2F5DD326F499A0002C3546 /* LaunchScreen.storyboard in Resources */ = {isa = PBXBuildFile; fileRef = 9A2F5DD126F499A0002C3546 /* LaunchScreen.storyboard */; };
		9A2F5DDF26F49EA5002C3546 /* greatwall.jpeg in Resources */ = {isa = PBXBuildFile; fileRef = 9A2F5DDA26F49EA5002C3546 /* greatwall.jpeg */; };
		9A2F5DE026F49EA5002C3546 /* stonehenge.jpeg in Resources */ = {isa = PBXBuildFile; fileRef = 9A2F5DDB26F49EA5002C3546 /* stonehenge.jpeg */; };
		9A2F5DE126F49EA5002C3546 /* tajmahal.jpeg in Resources */ = {isa = PBXBuildFile; fileRef = 9A2F5DDC26F49EA5002C3546 /* tajmahal.jpeg */; };
		9A2F5DE226F49EA5002C3546 /* kremlin.jpeg in Resources */ = {isa = PBXBuildFile; fileRef = 9A2F5DDD26F49EA5002C3546 /* kremlin.jpeg */; };
		9A2F5DE326F49EA5002C3546 /* colosseum.jpeg in Resources */ = {isa = PBXBuildFile; fileRef = 9A2F5DDE26F49EA5002C3546 /* colosseum.jpeg */; };
		9A2F5DE526F4AAB0002C3546 /* imageViewController.swift in Sources */ = {isa = PBXBuildFile; fileRef = 9A2F5DE426F4AAB0002C3546 /* imageViewController.swift */; };
/* End PBXBuildFile section */

/* Begin PBXFileReference section */
		9A2F5DC326F4999F002C3546 /* LandmarkBook.app */ = {isa = PBXFileReference; explicitFileType = wrapper.application; includeInIndex = 0; path = LandmarkBook.app; sourceTree = BUILT_PRODUCTS_DIR; };
		9A2F5DC626F4999F002C3546 /* AppDelegate.swift */ = {isa = PBXFileReference; lastKnownFileType = sourcecode.swift; path = AppDelegate.swift; sourceTree = "<group>"; };
		9A2F5DC826F4999F002C3546 /* SceneDelegate.swift */ = {isa = PBXFileReference; lastKnownFileType = sourcecode.swift; path = SceneDelegate.swift; sourceTree = "<group>"; };
		9A2F5DCA26F4999F002C3546 /* ViewController.swift */ = {isa = PBXFileReference; lastKnownFileType = sourcecode.swift; path = ViewController.swift; sourceTree = "<group>"; };
		9A2F5DCD26F4999F002C3546 /* Base */ = {isa = PBXFileReference; lastKnownFileType = file.storyboard; name = Base; path = Base.lproj/Main.storyboard; sourceTree = "<group>"; };
		9A2F5DCF26F499A0002C3546 /* Assets.xcassets */ = {isa = PBXFileReference; lastKnownFileType = folder.assetcatalog; path = Assets.xcassets; sourceTree = "<group>"; };
		9A2F5DD226F499A0002C3546 /* Base */ = {isa = PBXFileReference; lastKnownFileType = file.storyboard; name = Base; path = Base.lproj/LaunchScreen.storyboard; sourceTree = "<group>"; };
		9A2F5DD426F499A0002C3546 /* Info.plist */ = {isa = PBXFileReference; lastKnownFileType = text.plist.xml; path = Info.plist; sourceTree = "<group>"; };
		9A2F5DDA26F49EA5002C3546 /* greatwall.jpeg */ = {isa = PBXFileReference; lastKnownFileType = image.jpeg; path = greatwall.jpeg; sourceTree = "<group>"; };
		9A2F5DDB26F49EA5002C3546 /* stonehenge.jpeg */ = {isa = PBXFileReference; lastKnownFileType = image.jpeg; path = stonehenge.jpeg; sourceTree = "<group>"; };
		9A2F5DDC26F49EA5002C3546 /* tajmahal.jpeg */ = {isa = PBXFileReference; lastKnownFileType = image.jpeg; path = tajmahal.jpeg; sourceTree = "<group>"; };
		9A2F5DDD26F49EA5002C3546 /* kremlin.jpeg */ = {isa = PBXFileReference; lastKnownFileType = image.jpeg; path = kremlin.jpeg; sourceTree = "<group>"; };
		9A2F5DDE26F49EA5002C3546 /* colosseum.jpeg */ = {isa = PBXFileReference; lastKnownFileType = image.jpeg; path = colosseum.jpeg; sourceTree = "<group>"; };
		9A2F5DE426F4AAB0002C3546 /* imageViewController.swift */ = {isa = PBXFileReference; lastKnownFileType = sourcecode.swift; path = imageViewController.swift; sourceTree = "<group>"; };
/* End PBXFileReference section */

/* Begin PBXFrameworksBuildPhase section */
		9A2F5DC026F4999F002C3546 /* Frameworks */ = {
			isa = PBXFrameworksBuildPhase;
			buildActionMask = 2147483647;
			files = (
			);
			runOnlyForDeploymentPostprocessing = 0;
		};
/* End PBXFrameworksBuildPhase section */

/* Begin PBXGroup section */
		9A2F5DBA26F4999F002C3546 = {
			isa = PBXGroup;
			children = (
				9A2F5DC526F4999F002C3546 /* LandmarkBook */,
				9A2F5DC426F4999F002C3546 /* Products */,
			);
			sourceTree = "<group>";
		};
		9A2F5DC426F4999F002C3546 /* Products */ = {
			isa = PBXGroup;
			children = (
				9A2F5DC326F4999F002C3546 /* LandmarkBook.app */,
			);
			name = Products;
			sourceTree = "<group>";
		};
		9A2F5DC526F4999F002C3546 /* LandmarkBook */ = {
			isa = PBXGroup;
			children = (
				9A2F5DDE26F49EA5002C3546 /* colosseum.jpeg */,
				9A2F5DDA26F49EA5002C3546 /* greatwall.jpeg */,
				9A2F5DDD26F49EA5002C3546 /* kremlin.jpeg */,
				9A2F5DDB26F49EA5002C3546 /* stonehenge.jpeg */,
				9A2F5DDC26F49EA5002C3546 /* tajmahal.jpeg */,
				9A2F5DC626F4999F002C3546 /* AppDelegate.swift */,
				9A2F5DC826F4999F002C3546 /* SceneDelegate.swift */,
				9A2F5DCA26F4999F002C3546 /* ViewController.swift */,
				9A2F5DE426F4AAB0002C3546 /* imageViewController.swift */,
				9A2F5DCC26F4999F002C3546 /* Main.storyboard */,
				9A2F5DCF26F499A0002C3546 /* Assets.xcassets */,
				9A2F5DD126F499A0002C3546 /* LaunchScreen.storyboard */,
				9A2F5DD426F499A0002C3546 /* Info.plist */,
			);
			path = LandmarkBook;
			sourceTree = "<group>";
		};
/* End PBXGroup section */

/* Begin PBXNativeTarget section */
		9A2F5DC226F4999F002C3546 /* LandmarkBook */ = {
			isa = PBXNativeTarget;
			buildConfigurationList = 9A2F5DD726F499A0002C3546 /* Build configuration list for PBXNativeTarget "LandmarkBook" */;
			buildPhases = (
				9A2F5DBF26F4999F002C3546 /* Sources */,
				9A2F5DC026F4999F002C3546 /* Frameworks */,
				9A2F5DC126F4999F002C3546 /* Resources */,
			);
			buildRules = (
			);
			dependencies = (
			);
			name = LandmarkBook;
			productName = LandmarkBook;
			productReference = 9A2F5DC326F4999F002C3546 /* LandmarkBook.app */;
			productType = "com.apple.product-type.application";
		};
/* End PBXNativeTarget section */

/* Begin PBXProject section */
		9A2F5DBB26F4999F002C3546 /* Project object */ = {
			isa = PBXProject;
			attributes = {
				LastSwiftUpdateCheck = 1250;
				LastUpgradeCheck = 1250;
				TargetAttributes = {
					9A2F5DC226F4999F002C3546 = {
						CreatedOnToolsVersion = 12.5.1;
					};
				};
			};
			buildConfigurationList = 9A2F5DBE26F4999F002C3546 /* Build configuration list for PBXProject "LandmarkBook" */;
			compatibilityVersion = "Xcode 9.3";
			developmentRegion = en;
			hasScannedForEncodings = 0;
			knownRegions = (
				en,
				Base,
			);
			mainGroup = 9A2F5DBA26F4999F002C3546;
			productRefGroup = 9A2F5DC426F4999F002C3546 /* Products */;
			projectDirPath = "";
			projectRoot = "";
			targets = (
				9A2F5DC226F4999F002C3546 /* LandmarkBook */,
			);
		};
/* End PBXProject section */

/* Begin PBXResourcesBuildPhase section */
		9A2F5DC126F4999F002C3546 /* Resources */ = {
			isa = PBXResourcesBuildPhase;
			buildActionMask = 2147483647;
			files = (
				9A2F5DD326F499A0002C3546 /* LaunchScreen.storyboard in Resources */,
				9A2F5DDF26F49EA5002C3546 /* greatwall.jpeg in Resources */,
				9A2F5DD026F499A0002C3546 /* Assets.xcassets in Resources */,
				9A2F5DE226F49EA5002C3546 /* kremlin.jpeg in Resources */,
				9A2F5DE326F49EA5002C3546 /* colosseum.jpeg in Resources */,
				9A2F5DE026F49EA5002C3546 /* stonehenge.jpeg in Resources */,
				9A2F5DCE26F4999F002C3546 /* Main.storyboard in Resources */,
				9A2F5DE126F49EA5002C3546 /* tajmahal.jpeg in Resources */,
			);
			runOnlyForDeploymentPostprocessing = 0;
		};
/* End PBXResourcesBuildPhase section */

/* Begin PBXSourcesBuildPhase section */
		9A2F5DBF26F4999F002C3546 /* Sources */ = {
			isa = PBXSourcesBuildPhase;
			buildActionMask = 2147483647;
			files = (
				9A2F5DCB26F4999F002C3546 /* ViewController.swift in Sources */,
				9A2F5DC726F4999F002C3546 /* AppDelegate.swift in Sources */,
				9A2F5DE526F4AAB0002C3546 /* imageViewController.swift in Sources */,
				9A2F5DC926F4999F002C3546 /* SceneDelegate.swift in Sources */,
			);
			runOnlyForDeploymentPostprocessing = 0;
		};
/* End PBXSourcesBuildPhase section */

/* Begin PBXVariantGroup section */
		9A2F5DCC26F4999F002C3546 /* Main.storyboard */ = {
			isa = PBXVariantGroup;
			children = (
				9A2F5DCD26F4999F002C3546 /* Base */,
			);
			name = Main.storyboard;
			sourceTree = "<group>";
		};
		9A2F5DD126F499A0002C3546 /* LaunchScreen.storyboard */ = {
			isa = PBXVariantGroup;
			children = (
				9A2F5DD226F499A0002C3546 /* Base */,
			);
			name = LaunchScreen.storyboard;
			sourceTree = "<group>";
		};
/* End PBXVariantGroup section */

/* Begin XCBuildConfiguration section */
		9A2F5DD526F499A0002C3546 /* Debug */ = {
			isa = XCBuildConfiguration;
			buildSettings = {
				ALWAYS_SEARCH_USER_PATHS = NO;
				CLANG_ANALYZER_NONNULL = YES;
				CLANG_ANALYZER_NUMBER_OBJECT_CONVERSION = YES_AGGRESSIVE;
				CLANG_CXX_LANGUAGE_STANDARD = "gnu++14";
				CLANG_CXX_LIBRARY = "libc++";
				CLANG_ENABLE_MODULES = YES;
				CLANG_ENABLE_OBJC_ARC = YES;
				CLANG_ENABLE_OBJC_WEAK = YES;
				CLANG_WARN_BLOCK_CAPTURE_AUTORELEASING = YES;
				CLANG_WARN_BOOL_CONVERSION = YES;
				CLANG_WARN_COMMA = YES;
				CLANG_WARN_CONSTANT_CONVERSION = YES;
				CLANG_WARN_DEPRECATED_OBJC_IMPLEMENTATIONS = YES;
				CLANG_WARN_DIRECT_OBJC_ISA_USAGE = YES_ERROR;
				CLANG_WARN_DOCUMENTATION_COMMENTS = YES;
				CLANG_WARN_EMPTY_BODY = YES;
				CLANG_WARN_ENUM_CONVERSION = YES;
				CLANG_WARN_INFINITE_RECURSION = YES;
				CLANG_WARN_INT_CONVERSION = YES;
				CLANG_WARN_NON_LITERAL_NULL_CONVERSION = YES;
				CLANG_WARN_OBJC_IMPLICIT_RETAIN_SELF = YES;
				CLANG_WARN_OBJC_LITERAL_CONVERSION = YES;
				CLANG_WARN_OBJC_ROOT_CLASS = YES_ERROR;
				CLANG_WARN_QUOTED_INCLUDE_IN_FRAMEWORK_HEADER = YES;
				CLANG_WARN_RANGE_LOOP_ANALYSIS = YES;
				CLANG_WARN_STRICT_PROTOTYPES = YES;
				CLANG_WARN_SUSPICIOUS_MOVE = YES;
				CLANG_WARN_UNGUARDED_AVAILABILITY = YES_AGGRESSIVE;
				CLANG_WARN_UNREACHABLE_CODE = YES;
				CLANG_WARN__DUPLICATE_METHOD_MATCH = YES;
				COPY_PHASE_STRIP = NO;
				DEBUG_INFORMATION_FORMAT = dwarf;
				ENABLE_STRICT_OBJC_MSGSEND = YES;
				ENABLE_TESTABILITY = YES;
				GCC_C_LANGUAGE_STANDARD = gnu11;
				GCC_DYNAMIC_NO_PIC = NO;
				GCC_NO_COMMON_BLOCKS = YES;
				GCC_OPTIMIZATION_LEVEL = 0;
				GCC_PREPROCESSOR_DEFINITIONS = (
					"DEBUG=1",
					"$(inherited)",
				);
				GCC_WARN_64_TO_32_BIT_CONVERSION = YES;
				GCC_WARN_ABOUT_RETURN_TYPE = YES_ERROR;
				GCC_WARN_UNDECLARED_SELECTOR = YES;
				GCC_WARN_UNINITIALIZED_AUTOS = YES_AGGRESSIVE;
				GCC_WARN_UNUSED_FUNCTION = YES;
				GCC_WARN_UNUSED_VARIABLE = YES;
				IPHONEOS_DEPLOYMENT_TARGET = 14.5;
				MTL_ENABLE_DEBUG_INFO = INCLUDE_SOURCE;
				MTL_FAST_MATH = YES;
				ONLY_ACTIVE_ARCH = YES;
				SDKROOT = iphoneos;
				SWIFT_ACTIVE_COMPILATION_CONDITIONS = DEBUG;
				SWIFT_OPTIMIZATION_LEVEL = "-Onone";
			};
			name = Debug;
		};
		9A2F5DD626F499A0002C3546 /* Release */ = {
			isa = XCBuildConfiguration;
			buildSettings = {
				ALWAYS_SEARCH_USER_PATHS = NO;
				CLANG_ANALYZER_NONNULL = YES;
				CLANG_ANALYZER_NUMBER_OBJECT_CONVERSION = YES_AGGRESSIVE;
				CLANG_CXX_LANGUAGE_STANDARD = "gnu++14";
				CLANG_CXX_LIBRARY = "libc++";
				CLANG_ENABLE_MODULES = YES;
				CLANG_ENABLE_OBJC_ARC = YES;
				CLANG_ENABLE_OBJC_WEAK = YES;
				CLANG_WARN_BLOCK_CAPTURE_AUTORELEASING = YES;
				CLANG_WARN_BOOL_CONVERSION = YES;
				CLANG_WARN_COMMA = YES;
				CLANG_WARN_CONSTANT_CONVERSION = YES;
				CLANG_WARN_DEPRECATED_OBJC_IMPLEMENTATIONS = YES;
				CLANG_WARN_DIRECT_OBJC_ISA_USAGE = YES_ERROR;
				CLANG_WARN_DOCUMENTATION_COMMENTS = YES;
				CLANG_WARN_EMPTY_BODY = YES;
				CLANG_WARN_ENUM_CONVERSION = YES;
				CLANG_WARN_INFINITE_RECURSION = YES;
				CLANG_WARN_INT_CONVERSION = YES;
				CLANG_WARN_NON_LITERAL_NULL_CONVERSION = YES;
				CLANG_WARN_OBJC_IMPLICIT_RETAIN_SELF = YES;
				CLANG_WARN_OBJC_LITERAL_CONVERSION = YES;
				CLANG_WARN_OBJC_ROOT_CLASS = YES_ERROR;
				CLANG_WARN_QUOTED_INCLUDE_IN_FRAMEWORK_HEADER = YES;
				CLANG_WARN_RANGE_LOOP_ANALYSIS = YES;
				CLANG_WARN_STRICT_PROTOTYPES = YES;
				CLANG_WARN_SUSPICIOUS_MOVE = YES;
				CLANG_WARN_UNGUARDED_AVAILABILITY = YES_AGGRESSIVE;
				CLANG_WARN_UNREACHABLE_CODE = YES;
				CLANG_WARN__DUPLICATE_METHOD_MATCH = YES;
				COPY_PHASE_STRIP = NO;
				DEBUG_INFORMATION_FORMAT = "dwarf-with-dsym";
				ENABLE_NS_ASSERTIONS = NO;
				ENABLE_STRICT_OBJC_MSGSEND = YES;
				GCC_C_LANGUAGE_STANDARD = gnu11;
				GCC_NO_COMMON_BLOCKS = YES;
				GCC_WARN_64_TO_32_BIT_CONVERSION = YES;
				GCC_WARN_ABOUT_RETURN_TYPE = YES_ERROR;
				GCC_WARN_UNDECLARED_SELECTOR = YES;
				GCC_WARN_UNINITIALIZED_AUTOS = YES_AGGRESSIVE;
				GCC_WARN_UNUSED_FUNCTION = YES;
				GCC_WARN_UNUSED_VARIABLE = YES;
				IPHONEOS_DEPLOYMENT_TARGET = 14.5;
				MTL_ENABLE_DEBUG_INFO = NO;
				MTL_FAST_MATH = YES;
				SDKROOT = iphoneos;
				SWIFT_COMPILATION_MODE = wholemodule;
				SWIFT_OPTIMIZATION_LEVEL = "-O";
				VALIDATE_PRODUCT = YES;
			};
			name = Release;
		};
		9A2F5DD826F499A0002C3546 /* Debug */ = {
			isa = XCBuildConfiguration;
			buildSettings = {
				ASSETCATALOG_COMPILER_APPICON_NAME = AppIcon;
				ASSETCATALOG_COMPILER_GLOBAL_ACCENT_COLOR_NAME = AccentColor;
				CODE_SIGN_STYLE = Automatic;
				DEVELOPMENT_TEAM = 55LLLYJ729;
				INFOPLIST_FILE = LandmarkBook/Info.plist;
				LD_RUNPATH_SEARCH_PATHS = (
					"$(inherited)",
					"@executable_path/Frameworks",
				);
				PRODUCT_BUNDLE_IDENTIFIER = com.CemBayat.LandmarkBook;
				PRODUCT_NAME = "$(TARGET_NAME)";
				SWIFT_VERSION = 5.0;
				TARGETED_DEVICE_FAMILY = "1,2";
			};
			name = Debug;
		};
		9A2F5DD926F499A0002C3546 /* Release */ = {
			isa = XCBuildConfiguration;
			buildSettings = {
				ASSETCATALOG_COMPILER_APPICON_NAME = AppIcon;
				ASSETCATALOG_COMPILER_GLOBAL_ACCENT_COLOR_NAME = AccentColor;
				CODE_SIGN_STYLE = Automatic;
				DEVELOPMENT_TEAM = 55LLLYJ729;
				INFOPLIST_FILE = LandmarkBook/Info.plist;
				LD_RUNPATH_SEARCH_PATHS = (
					"$(inherited)",
					"@executable_path/Frameworks",
				);
				PRODUCT_BUNDLE_IDENTIFIER = com.CemBayat.LandmarkBook;
				PRODUCT_NAME = "$(TARGET_NAME)";
				SWIFT_VERSION = 5.0;
				TARGETED_DEVICE_FAMILY = "1,2";
			};
			name = Release;
		};
/* End XCBuildConfiguration section */

/* Begin XCConfigurationList section */
		9A2F5DBE26F4999F002C3546 /* Build configuration list for PBXProject "LandmarkBook" */ = {
			isa = XCConfigurationList;
			buildConfigurations = (
				9A2F5DD526F499A0002C3546 /* Debug */,
				9A2F5DD626F499A0002C3546 /* Release */,
			);
			defaultConfigurationIsVisible = 0;
			defaultConfigurationName = Release;
		};
		9A2F5DD726F499A0002C3546 /* Build configuration list for PBXNativeTarget "LandmarkBook" */ = {
			isa = XCConfigurationList;
			buildConfigurations = (
				9A2F5DD826F499A0002C3546 /* Debug */,
				9A2F5DD926F499A0002C3546 /* Release */,
			);
			defaultConfigurationIsVisible = 0;
			defaultConfigurationName = Release;
		};
/* End XCConfigurationList section */
	};
	rootObject = 9A2F5DBB26F4999F002C3546 /* Project object */;
}
